
Microsoft Visual Studio Solution File, Format Version 12.00
# Visual Studio Version 16
VisualStudioVersion = 16.0.29728.190
MinimumVisualStudioVersion = 10.0.40219.1
Project("{2150E333-8FDC-42A3-9474-1A3956D46DE8}") = "Domain", "Domain", "{5A4990D6-39F5-40E0-8122-15EEFA30D369}"
EndProject
Project("{FAE04EC0-301F-11D3-BF4B-00C04F79EFBC}") = "CustomerInvoiceManager.Entities", "CustomerInvoiceManager.Entities\CustomerInvoiceManager.Entities.csproj", "{E7FE97BB-DCE5-4171-B934-7DECA81F7405}"
EndProject
Project("{2150E333-8FDC-42A3-9474-1A3956D46DE8}") = "DAO", "DAO", "{656CFE30-9BA8-4D37-92CF-081D8B58EE91}"
EndProject
Project("{FAE04EC0-301F-11D3-BF4B-00C04F79EFBC}") = "CustomerInvoiceManager.Repository", "CustomerInvoiceManager.Repository\CustomerInvoiceManager.Repository.csproj", "{0C3CC009-0057-42F0-8689-98595CF20A89}"
EndProject
Global
	GlobalSection(SolutionConfigurationPlatforms) = preSolution
		Debug|Any CPU = Debug|Any CPU
		Release|Any CPU = Release|Any CPU
	EndGlobalSection
	GlobalSection(ProjectConfigurationPlatforms) = postSolution
		{E7FE97BB-DCE5-4171-B934-7DECA81F7405}.Debug|Any CPU.ActiveCfg = Debug|Any CPU
		{E7FE97BB-DCE5-4171-B934-7DECA81F7405}.Debug|Any CPU.Build.0 = Debug|Any CPU
		{E7FE97BB-DCE5-4171-B934-7DECA81F7405}.Release|Any CPU.ActiveCfg = Release|Any CPU
		{E7FE97BB-DCE5-4171-B934-7DECA81F7405}.Release|Any CPU.Build.0 = Release|Any CPU
		{0C3CC009-0057-42F0-8689-98595CF20A89}.Debug|Any CPU.ActiveCfg = Debug|Any CPU
		{0C3CC009-0057-42F0-8689-98595CF20A89}.Debug|Any CPU.Build.0 = Debug|Any CPU
		{0C3CC009-0057-42F0-8689-98595CF20A89}.Release|Any CPU.ActiveCfg = Release|Any CPU
		{0C3CC009-0057-42F0-8689-98595CF20A89}.Release|Any CPU.Build.0 = Release|Any CPU
	EndGlobalSection
	GlobalSection(SolutionProperties) = preSolution
		HideSolutionNode = FALSE
	EndGlobalSection
	GlobalSection(NestedProjects) = preSolution
		{E7FE97BB-DCE5-4171-B934-7DECA81F7405} = {5A4990D6-39F5-40E0-8122-15EEFA30D369}
		{0C3CC009-0057-42F0-8689-98595CF20A89} = {656CFE30-9BA8-4D37-92CF-081D8B58EE91}
	EndGlobalSection
	GlobalSection(ExtensibilityGlobals) = postSolution
		SolutionGuid = {C71EE4E6-9A9E-4C8F-B298-776C794DDAF1}
	EndGlobalSection
EndGlobal
